
Microsoft Visual Studio Solution File, Format Version 12.00
# Visual Studio 15
VisualStudioVersion = 15.0.28307.489
MinimumVisualStudioVersion = 10.0.40219.1
Project("{FAE04EC0-301F-11D3-BF4B-00C04F79EFBC}") = "Pregunta_1", "Parte_1\Pregunta_1.csproj", "{BB2E1031-EFBD-4742-91D2-EF06DB7530B5}"
EndProject
Project("{FAE04EC0-301F-11D3-BF4B-00C04F79EFBC}") = "Pregunta_2", "Pregunta_2\Pregunta_2.csproj", "{EC4B9C75-9E55-497E-9E1D-A8EF98216E98}"
EndProject
Project("{FAE04EC0-301F-11D3-BF4B-00C04F79EFBC}") = "Pregunta_3", "Pregunta_3\Pregunta_3.csproj", "{03EEAE3C-A038-4DFA-8111-0786D7E6CED7}"
EndProject
Project("{2150E333-8FDC-42A3-9474-1A3956D46DE8}") = "2. Layers", "2. Layers", "{469CF4A4-0DF1-4A89-93D0-3C8B557D4E4C}"
EndProject
Project("{2150E333-8FDC-42A3-9474-1A3956D46DE8}") = "1.1 Distributed Services", "1.1 Distributed Services", "{68F5ECB2-A609-48FB-82F6-5AAC91F692D9}"
EndProject
Project("{2150E333-8FDC-42A3-9474-1A3956D46DE8}") = "1.2 Aplicacion", "1.2 Aplicacion", "{89A5B524-2903-4848-995F-9B158EB36A17}"
EndProject
Project("{2150E333-8FDC-42A3-9474-1A3956D46DE8}") = "1.3 Business", "1.3 Business", "{16C1459F-F00E-4988-918B-EAC4E6809427}"
EndProject
Project("{9A19103F-16F7-4668-BE54-9A1E7A4F7556}") = "Coworking.Api.Aplication", "Coworking.Api.Aplication\Coworking.Api.Aplication.csproj", "{94A7B8CC-18E9-4F89-B74F-9CFC7018F0FC}"
EndProject
Project("{9A19103F-16F7-4668-BE54-9A1E7A4F7556}") = "Web_Api", "Web_Api\Web_Api.csproj", "{B51BEDDD-A6D6-414E-BBD9-0C737945ACCE}"
EndProject
Project("{9A19103F-16F7-4668-BE54-9A1E7A4F7556}") = "Coworking.Api.Aplication.Contracts", "Coworking.Api.Aplication.Contracts\Coworking.Api.Aplication.Contracts.csproj", "{35FE5D89-C700-4B0E-A397-765E255052CA}"
EndProject
Project("{9A19103F-16F7-4668-BE54-9A1E7A4F7556}") = "Coworking.Api.Business", "Coworking.Api.Business\Coworking.Api.Business.csproj", "{1180A7F6-D6BD-4CE2-89D3-7698A5AEEEF1}"
EndProject
Project("{2150E333-8FDC-42A3-9474-1A3956D46DE8}") = "1.4 DataAcess", "1.4 DataAcess", "{D78C7C16-3F85-4905-9BB4-F4D11D4293D1}"
EndProject
Project("{9A19103F-16F7-4668-BE54-9A1E7A4F7556}") = "Coworking.Api.DataAccess", "Coworking.Api.DataAccess\Coworking.Api.DataAccess.csproj", "{410BD3B2-BA0C-4779-AB46-8CA8EB25882F}"
EndProject
Project("{9A19103F-16F7-4668-BE54-9A1E7A4F7556}") = "Coworking.Api.DataAccess.Contracts", "Coworking.Api.DataAccess.Contracts\Coworking.Api.DataAccess.Contracts.csproj", "{A6AA4CC0-583B-473D-BDF4-641E39CE0FBE}"
EndProject
Project("{2150E333-8FDC-42A3-9474-1A3956D46DE8}") = "1.5 Cross-Cutting", "1.5 Cross-Cutting", "{D0A64DAF-4751-432B-A292-84DA715F9E26}"
	ProjectSection(SolutionItems) = preProject
		Coworking.Api.DataAccess.Contracts\Repositories\ISucursalRepository.cs = Coworking.Api.DataAccess.Contracts\Repositories\ISucursalRepository.cs
	EndProjectSection
EndProject
Project("{9A19103F-16F7-4668-BE54-9A1E7A4F7556}") = "Coworking.Api.CrossCutting", "Coworking.Api.CrossCutting\Coworking.Api.CrossCutting.csproj", "{E947879D-4D86-4494-978C-B2DC3B0AAB8A}"
EndProject
Project("{2150E333-8FDC-42A3-9474-1A3956D46DE8}") = "1. Ejercicios", "1. Ejercicios", "{09C20D34-4C15-4309-A09A-A2D8160CAF4B}"
EndProject
Project("{2150E333-8FDC-42A3-9474-1A3956D46DE8}") = "3. Web", "3. Web", "{7DAE8A6B-1E50-4703-8042-4802B4D2CC82}"
EndProject
Project("{FAE04EC0-301F-11D3-BF4B-00C04F79EFBC}") = "MvcApplication1", "Web\MvcApplication1\MvcApplication1.csproj", "{811471C2-E426-40C7-962C-19EF90D50B54}"
EndProject
Global
	GlobalSection(SolutionConfigurationPlatforms) = preSolution
		Debug|Any CPU = Debug|Any CPU
		Release|Any CPU = Release|Any CPU
	EndGlobalSection
	GlobalSection(ProjectConfigurationPlatforms) = postSolution
		{BB2E1031-EFBD-4742-91D2-EF06DB7530B5}.Debug|Any CPU.ActiveCfg = Debug|Any CPU
		{BB2E1031-EFBD-4742-91D2-EF06DB7530B5}.Debug|Any CPU.Build.0 = Debug|Any CPU
		{BB2E1031-EFBD-4742-91D2-EF06DB7530B5}.Release|Any CPU.ActiveCfg = Release|Any CPU
		{BB2E1031-EFBD-4742-91D2-EF06DB7530B5}.Release|Any CPU.Build.0 = Release|Any CPU
		{EC4B9C75-9E55-497E-9E1D-A8EF98216E98}.Debug|Any CPU.ActiveCfg = Debug|Any CPU
		{EC4B9C75-9E55-497E-9E1D-A8EF98216E98}.Debug|Any CPU.Build.0 = Debug|Any CPU
		{EC4B9C75-9E55-497E-9E1D-A8EF98216E98}.Release|Any CPU.ActiveCfg = Release|Any CPU
		{EC4B9C75-9E55-497E-9E1D-A8EF98216E98}.Release|Any CPU.Build.0 = Release|Any CPU
		{03EEAE3C-A038-4DFA-8111-0786D7E6CED7}.Debug|Any CPU.ActiveCfg = Debug|Any CPU
		{03EEAE3C-A038-4DFA-8111-0786D7E6CED7}.Debug|Any CPU.Build.0 = Debug|Any CPU
		{03EEAE3C-A038-4DFA-8111-0786D7E6CED7}.Release|Any CPU.ActiveCfg = Release|Any CPU
		{03EEAE3C-A038-4DFA-8111-0786D7E6CED7}.Release|Any CPU.Build.0 = Release|Any CPU
		{94A7B8CC-18E9-4F89-B74F-9CFC7018F0FC}.Debug|Any CPU.ActiveCfg = Debug|Any CPU
		{94A7B8CC-18E9-4F89-B74F-9CFC7018F0FC}.Debug|Any CPU.Build.0 = Debug|Any CPU
		{94A7B8CC-18E9-4F89-B74F-9CFC7018F0FC}.Release|Any CPU.ActiveCfg = Release|Any CPU
		{94A7B8CC-18E9-4F89-B74F-9CFC7018F0FC}.Release|Any CPU.Build.0 = Release|Any CPU
		{B51BEDDD-A6D6-414E-BBD9-0C737945ACCE}.Debug|Any CPU.ActiveCfg = Debug|Any CPU
		{B51BEDDD-A6D6-414E-BBD9-0C737945ACCE}.Debug|Any CPU.Build.0 = Debug|Any CPU
		{B51BEDDD-A6D6-414E-BBD9-0C737945ACCE}.Release|Any CPU.ActiveCfg = Release|Any CPU
		{B51BEDDD-A6D6-414E-BBD9-0C737945ACCE}.Release|Any CPU.Build.0 = Release|Any CPU
		{35FE5D89-C700-4B0E-A397-765E255052CA}.Debug|Any CPU.ActiveCfg = Debug|Any CPU
		{35FE5D89-C700-4B0E-A397-765E255052CA}.Debug|Any CPU.Build.0 = Debug|Any CPU
		{35FE5D89-C700-4B0E-A397-765E255052CA}.Release|Any CPU.ActiveCfg = Release|Any CPU
		{35FE5D89-C700-4B0E-A397-765E255052CA}.Release|Any CPU.Build.0 = Release|Any CPU
		{1180A7F6-D6BD-4CE2-89D3-7698A5AEEEF1}.Debug|Any CPU.ActiveCfg = Debug|Any CPU
		{1180A7F6-D6BD-4CE2-89D3-7698A5AEEEF1}.Debug|Any CPU.Build.0 = Debug|Any CPU
		{1180A7F6-D6BD-4CE2-89D3-7698A5AEEEF1}.Release|Any CPU.ActiveCfg = Release|Any CPU
		{1180A7F6-D6BD-4CE2-89D3-7698A5AEEEF1}.Release|Any CPU.Build.0 = Release|Any CPU
		{410BD3B2-BA0C-4779-AB46-8CA8EB25882F}.Debug|Any CPU.ActiveCfg = Debug|Any CPU
		{410BD3B2-BA0C-4779-AB46-8CA8EB25882F}.Debug|Any CPU.Build.0 = Debug|Any CPU
		{410BD3B2-BA0C-4779-AB46-8CA8EB25882F}.Release|Any CPU.ActiveCfg = Release|Any CPU
		{410BD3B2-BA0C-4779-AB46-8CA8EB25882F}.Release|Any CPU.Build.0 = Release|Any CPU
		{A6AA4CC0-583B-473D-BDF4-641E39CE0FBE}.Debug|Any CPU.ActiveCfg = Debug|Any CPU
		{A6AA4CC0-583B-473D-BDF4-641E39CE0FBE}.Debug|Any CPU.Build.0 = Debug|Any CPU
		{A6AA4CC0-583B-473D-BDF4-641E39CE0FBE}.Release|Any CPU.ActiveCfg = Release|Any CPU
		{A6AA4CC0-583B-473D-BDF4-641E39CE0FBE}.Release|Any CPU.Build.0 = Release|Any CPU
		{E947879D-4D86-4494-978C-B2DC3B0AAB8A}.Debug|Any CPU.ActiveCfg = Debug|Any CPU
		{E947879D-4D86-4494-978C-B2DC3B0AAB8A}.Debug|Any CPU.Build.0 = Debug|Any CPU
		{E947879D-4D86-4494-978C-B2DC3B0AAB8A}.Release|Any CPU.ActiveCfg = Release|Any CPU
		{E947879D-4D86-4494-978C-B2DC3B0AAB8A}.Release|Any CPU.Build.0 = Release|Any CPU
		{811471C2-E426-40C7-962C-19EF90D50B54}.Debug|Any CPU.ActiveCfg = Debug|Any CPU
		{811471C2-E426-40C7-962C-19EF90D50B54}.Debug|Any CPU.Build.0 = Debug|Any CPU
		{811471C2-E426-40C7-962C-19EF90D50B54}.Release|Any CPU.ActiveCfg = Release|Any CPU
		{811471C2-E426-40C7-962C-19EF90D50B54}.Release|Any CPU.Build.0 = Release|Any CPU
	EndGlobalSection
	GlobalSection(SolutionProperties) = preSolution
		HideSolutionNode = FALSE
	EndGlobalSection
	GlobalSection(NestedProjects) = preSolution
		{BB2E1031-EFBD-4742-91D2-EF06DB7530B5} = {09C20D34-4C15-4309-A09A-A2D8160CAF4B}
		{EC4B9C75-9E55-497E-9E1D-A8EF98216E98} = {09C20D34-4C15-4309-A09A-A2D8160CAF4B}
		{03EEAE3C-A038-4DFA-8111-0786D7E6CED7} = {09C20D34-4C15-4309-A09A-A2D8160CAF4B}
		{68F5ECB2-A609-48FB-82F6-5AAC91F692D9} = {469CF4A4-0DF1-4A89-93D0-3C8B557D4E4C}
		{89A5B524-2903-4848-995F-9B158EB36A17} = {469CF4A4-0DF1-4A89-93D0-3C8B557D4E4C}
		{16C1459F-F00E-4988-918B-EAC4E6809427} = {469CF4A4-0DF1-4A89-93D0-3C8B557D4E4C}
		{94A7B8CC-18E9-4F89-B74F-9CFC7018F0FC} = {89A5B524-2903-4848-995F-9B158EB36A17}
		{B51BEDDD-A6D6-414E-BBD9-0C737945ACCE} = {68F5ECB2-A609-48FB-82F6-5AAC91F692D9}
		{35FE5D89-C700-4B0E-A397-765E255052CA} = {89A5B524-2903-4848-995F-9B158EB36A17}
		{1180A7F6-D6BD-4CE2-89D3-7698A5AEEEF1} = {16C1459F-F00E-4988-918B-EAC4E6809427}
		{D78C7C16-3F85-4905-9BB4-F4D11D4293D1} = {469CF4A4-0DF1-4A89-93D0-3C8B557D4E4C}
		{410BD3B2-BA0C-4779-AB46-8CA8EB25882F} = {D78C7C16-3F85-4905-9BB4-F4D11D4293D1}
		{A6AA4CC0-583B-473D-BDF4-641E39CE0FBE} = {D78C7C16-3F85-4905-9BB4-F4D11D4293D1}
		{D0A64DAF-4751-432B-A292-84DA715F9E26} = {469CF4A4-0DF1-4A89-93D0-3C8B557D4E4C}
		{E947879D-4D86-4494-978C-B2DC3B0AAB8A} = {D0A64DAF-4751-432B-A292-84DA715F9E26}
		{811471C2-E426-40C7-962C-19EF90D50B54} = {7DAE8A6B-1E50-4703-8042-4802B4D2CC82}
	EndGlobalSection
	GlobalSection(ExtensibilityGlobals) = postSolution
		SolutionGuid = {FB539250-2BA0-4E56-88FC-2EF9B1FED9F2}
	EndGlobalSection
EndGlobal
